
Microsoft Visual Studio Solution File, Format Version 12.00
# Visual Studio Version 16
VisualStudioVersion = 16.0.31112.23
MinimumVisualStudioVersion = 10.0.40219.1
Project("{FAE04EC0-301F-11D3-BF4B-00C04F79EFBC}") = "Expenses", "Expenses.csproj", "{556F4D0E-0E6F-4A81-9B77-1114C139C881}"
EndProject
Global
	GlobalSection(SolutionConfigurationPlatforms) = preSolution
		Debug|Any CPU = Debug|Any CPU
		Release|Any CPU = Release|Any CPU
	EndGlobalSection
	GlobalSection(ProjectConfigurationPlatforms) = postSolution
		{556F4D0E-0E6F-4A81-9B77-1114C139C881}.Debug|Any CPU.ActiveCfg = Debug|Any CPU
		{556F4D0E-0E6F-4A81-9B77-1114C139C881}.Debug|Any CPU.Build.0 = Debug|Any CPU
		{556F4D0E-0E6F-4A81-9B77-1114C139C881}.Release|Any CPU.ActiveCfg = Release|Any CPU
		{556F4D0E-0E6F-4A81-9B77-1114C139C881}.Release|Any CPU.Build.0 = Release|Any CPU
	EndGlobalSection
	GlobalSection(SolutionProperties) = preSolution
		HideSolutionNode = FALSE
	EndGlobalSection
	GlobalSection(ExtensibilityGlobals) = postSolution
		SolutionGuid = {6549F5A3-E6A5-4B10-AA24-E93A8912FCDB}
	EndGlobalSection
EndGlobal
